
Microsoft Visual Studio Solution File, Format Version 12.00
# Visual Studio Version 17
VisualStudioVersion = 17.11.35222.181
MinimumVisualStudioVersion = 10.0.40219.1
Project("{FAE04EC0-301F-11D3-BF4B-00C04F79EFBC}") = "integerOperation", "integerOperation\integerOperation.csproj", "{43913467-AA54-4BE5-9895-54F6D3F51154}"
EndProject
Global
	GlobalSection(SolutionConfigurationPlatforms) = preSolution
		Debug|Any CPU = Debug|Any CPU
		Release|Any CPU = Release|Any CPU
	EndGlobalSection
	GlobalSection(ProjectConfigurationPlatforms) = postSolution
		{43913467-AA54-4BE5-9895-54F6D3F51154}.Debug|Any CPU.ActiveCfg = Debug|Any CPU
		{43913467-AA54-4BE5-9895-54F6D3F51154}.Debug|Any CPU.Build.0 = Debug|Any CPU
		{43913467-AA54-4BE5-9895-54F6D3F51154}.Release|Any CPU.ActiveCfg = Release|Any CPU
		{43913467-AA54-4BE5-9895-54F6D3F51154}.Release|Any CPU.Build.0 = Release|Any CPU
	EndGlobalSection
	GlobalSection(SolutionProperties) = preSolution
		HideSolutionNode = FALSE
	EndGlobalSection
	GlobalSection(ExtensibilityGlobals) = postSolution
		SolutionGuid = {C0B8256D-A08C-4998-A564-C7B0D58FC4CD}
	EndGlobalSection
EndGlobal
