
Microsoft Visual Studio Solution File, Format Version 12.00
# Visual Studio Version 17
VisualStudioVersion = 17.11.35222.181
MinimumVisualStudioVersion = 10.0.40219.1
Project("{FAE04EC0-301F-11D3-BF4B-00C04F79EFBC}") = "student_information", "student_information\student_information.csproj", "{411D79BA-6FD7-407B-B108-EE1D9713A22C}"
EndProject
Global
	GlobalSection(SolutionConfigurationPlatforms) = preSolution
		Debug|Any CPU = Debug|Any CPU
		Release|Any CPU = Release|Any CPU
	EndGlobalSection
	GlobalSection(ProjectConfigurationPlatforms) = postSolution
		{411D79BA-6FD7-407B-B108-EE1D9713A22C}.Debug|Any CPU.ActiveCfg = Debug|Any CPU
		{411D79BA-6FD7-407B-B108-EE1D9713A22C}.Debug|Any CPU.Build.0 = Debug|Any CPU
		{411D79BA-6FD7-407B-B108-EE1D9713A22C}.Release|Any CPU.ActiveCfg = Release|Any CPU
		{411D79BA-6FD7-407B-B108-EE1D9713A22C}.Release|Any CPU.Build.0 = Release|Any CPU
	EndGlobalSection
	GlobalSection(SolutionProperties) = preSolution
		HideSolutionNode = FALSE
	EndGlobalSection
	GlobalSection(ExtensibilityGlobals) = postSolution
		SolutionGuid = {997FAFD8-27AF-4F85-B2F0-B7776EB00E4A}
	EndGlobalSection
EndGlobal
