
Microsoft Visual Studio Solution File, Format Version 12.00
# Visual Studio Version 17
VisualStudioVersion = 17.11.35222.181
MinimumVisualStudioVersion = 10.0.40219.1
Project("{2150E333-8FDC-42A3-9474-1A3956D46DE8}") = "week 1", "week 1", "{515C2CC5-5740-4C93-8CFE-E9649DF3CA7C}"
EndProject
Project("{9A19103F-16F7-4668-BE54-9A1E7A4F7556}") = "writeline", "writeline\writeline.csproj", "{CDE32FCE-F4C6-4AE7-8394-2158D1E8F54A}"
EndProject
Project("{9A19103F-16F7-4668-BE54-9A1E7A4F7556}") = "rectangle sum", "rectangle sum\rectangle sum.csproj", "{133EE1F2-BC3F-4AB6-B574-73036232C05E}"
EndProject
Project("{9A19103F-16F7-4668-BE54-9A1E7A4F7556}") = "from1to10", "from1to10\from1to10.csproj", "{74B6C303-A811-4A1D-8109-30B1BA0259F5}"
EndProject
Project("{9A19103F-16F7-4668-BE54-9A1E7A4F7556}") = "cantiToinches", "cantiToinches\cantiToinches.csproj", "{AC83D8AB-5E38-40DF-A215-5E8795D46016}"
EndProject
Project("{9A19103F-16F7-4668-BE54-9A1E7A4F7556}") = "GreetingByName", "GreetingByName\GreetingByName.csproj", "{1FE201B2-8191-4CD4-B104-DB04DED947AE}"
EndProject
Project("{9A19103F-16F7-4668-BE54-9A1E7A4F7556}") = "concatenateData", "concatenateData\concatenateData.csproj", "{10D32FB3-95EB-4753-96CB-3F08F0DDEA5F}"
EndProject
Project("{9A19103F-16F7-4668-BE54-9A1E7A4F7556}") = "projCreation", "projCreation\projCreation.csproj", "{4BF33075-10A0-45A8-A65B-916846F0F42D}"
EndProject
Project("{9A19103F-16F7-4668-BE54-9A1E7A4F7556}") = "Pet shop", "Pet shop\Pet shop.csproj", "{721284BA-D284-44C9-88AF-385861A7BD08}"
EndProject
Project("{9A19103F-16F7-4668-BE54-9A1E7A4F7556}") = "Yard Greening", "Yard Greening\Yard Greening.csproj", "{53502EB4-6415-4FBD-A9C1-4E505864D362}"
EndProject
Global
	GlobalSection(SolutionConfigurationPlatforms) = preSolution
		Debug|Any CPU = Debug|Any CPU
		Release|Any CPU = Release|Any CPU
	EndGlobalSection
	GlobalSection(ProjectConfigurationPlatforms) = postSolution
		{CDE32FCE-F4C6-4AE7-8394-2158D1E8F54A}.Debug|Any CPU.ActiveCfg = Debug|Any CPU
		{CDE32FCE-F4C6-4AE7-8394-2158D1E8F54A}.Debug|Any CPU.Build.0 = Debug|Any CPU
		{CDE32FCE-F4C6-4AE7-8394-2158D1E8F54A}.Release|Any CPU.ActiveCfg = Release|Any CPU
		{CDE32FCE-F4C6-4AE7-8394-2158D1E8F54A}.Release|Any CPU.Build.0 = Release|Any CPU
		{133EE1F2-BC3F-4AB6-B574-73036232C05E}.Debug|Any CPU.ActiveCfg = Debug|Any CPU
		{133EE1F2-BC3F-4AB6-B574-73036232C05E}.Debug|Any CPU.Build.0 = Debug|Any CPU
		{133EE1F2-BC3F-4AB6-B574-73036232C05E}.Release|Any CPU.ActiveCfg = Release|Any CPU
		{133EE1F2-BC3F-4AB6-B574-73036232C05E}.Release|Any CPU.Build.0 = Release|Any CPU
		{74B6C303-A811-4A1D-8109-30B1BA0259F5}.Debug|Any CPU.ActiveCfg = Debug|Any CPU
		{74B6C303-A811-4A1D-8109-30B1BA0259F5}.Debug|Any CPU.Build.0 = Debug|Any CPU
		{74B6C303-A811-4A1D-8109-30B1BA0259F5}.Release|Any CPU.ActiveCfg = Release|Any CPU
		{74B6C303-A811-4A1D-8109-30B1BA0259F5}.Release|Any CPU.Build.0 = Release|Any CPU
		{AC83D8AB-5E38-40DF-A215-5E8795D46016}.Debug|Any CPU.ActiveCfg = Debug|Any CPU
		{AC83D8AB-5E38-40DF-A215-5E8795D46016}.Debug|Any CPU.Build.0 = Debug|Any CPU
		{AC83D8AB-5E38-40DF-A215-5E8795D46016}.Release|Any CPU.ActiveCfg = Release|Any CPU
		{AC83D8AB-5E38-40DF-A215-5E8795D46016}.Release|Any CPU.Build.0 = Release|Any CPU
		{1FE201B2-8191-4CD4-B104-DB04DED947AE}.Debug|Any CPU.ActiveCfg = Debug|Any CPU
		{1FE201B2-8191-4CD4-B104-DB04DED947AE}.Debug|Any CPU.Build.0 = Debug|Any CPU
		{1FE201B2-8191-4CD4-B104-DB04DED947AE}.Release|Any CPU.ActiveCfg = Release|Any CPU
		{1FE201B2-8191-4CD4-B104-DB04DED947AE}.Release|Any CPU.Build.0 = Release|Any CPU
		{10D32FB3-95EB-4753-96CB-3F08F0DDEA5F}.Debug|Any CPU.ActiveCfg = Debug|Any CPU
		{10D32FB3-95EB-4753-96CB-3F08F0DDEA5F}.Debug|Any CPU.Build.0 = Debug|Any CPU
		{10D32FB3-95EB-4753-96CB-3F08F0DDEA5F}.Release|Any CPU.ActiveCfg = Release|Any CPU
		{10D32FB3-95EB-4753-96CB-3F08F0DDEA5F}.Release|Any CPU.Build.0 = Release|Any CPU
		{4BF33075-10A0-45A8-A65B-916846F0F42D}.Debug|Any CPU.ActiveCfg = Debug|Any CPU
		{4BF33075-10A0-45A8-A65B-916846F0F42D}.Debug|Any CPU.Build.0 = Debug|Any CPU
		{4BF33075-10A0-45A8-A65B-916846F0F42D}.Release|Any CPU.ActiveCfg = Release|Any CPU
		{4BF33075-10A0-45A8-A65B-916846F0F42D}.Release|Any CPU.Build.0 = Release|Any CPU
		{721284BA-D284-44C9-88AF-385861A7BD08}.Debug|Any CPU.ActiveCfg = Debug|Any CPU
		{721284BA-D284-44C9-88AF-385861A7BD08}.Debug|Any CPU.Build.0 = Debug|Any CPU
		{721284BA-D284-44C9-88AF-385861A7BD08}.Release|Any CPU.ActiveCfg = Release|Any CPU
		{721284BA-D284-44C9-88AF-385861A7BD08}.Release|Any CPU.Build.0 = Release|Any CPU
		{53502EB4-6415-4FBD-A9C1-4E505864D362}.Debug|Any CPU.ActiveCfg = Debug|Any CPU
		{53502EB4-6415-4FBD-A9C1-4E505864D362}.Debug|Any CPU.Build.0 = Debug|Any CPU
		{53502EB4-6415-4FBD-A9C1-4E505864D362}.Release|Any CPU.ActiveCfg = Release|Any CPU
		{53502EB4-6415-4FBD-A9C1-4E505864D362}.Release|Any CPU.Build.0 = Release|Any CPU
	EndGlobalSection
	GlobalSection(SolutionProperties) = preSolution
		HideSolutionNode = FALSE
	EndGlobalSection
	GlobalSection(NestedProjects) = preSolution
		{CDE32FCE-F4C6-4AE7-8394-2158D1E8F54A} = {515C2CC5-5740-4C93-8CFE-E9649DF3CA7C}
		{133EE1F2-BC3F-4AB6-B574-73036232C05E} = {515C2CC5-5740-4C93-8CFE-E9649DF3CA7C}
		{74B6C303-A811-4A1D-8109-30B1BA0259F5} = {515C2CC5-5740-4C93-8CFE-E9649DF3CA7C}
		{AC83D8AB-5E38-40DF-A215-5E8795D46016} = {515C2CC5-5740-4C93-8CFE-E9649DF3CA7C}
		{1FE201B2-8191-4CD4-B104-DB04DED947AE} = {515C2CC5-5740-4C93-8CFE-E9649DF3CA7C}
		{10D32FB3-95EB-4753-96CB-3F08F0DDEA5F} = {515C2CC5-5740-4C93-8CFE-E9649DF3CA7C}
		{4BF33075-10A0-45A8-A65B-916846F0F42D} = {515C2CC5-5740-4C93-8CFE-E9649DF3CA7C}
		{721284BA-D284-44C9-88AF-385861A7BD08} = {515C2CC5-5740-4C93-8CFE-E9649DF3CA7C}
		{53502EB4-6415-4FBD-A9C1-4E505864D362} = {515C2CC5-5740-4C93-8CFE-E9649DF3CA7C}
	EndGlobalSection
	GlobalSection(ExtensibilityGlobals) = postSolution
		SolutionGuid = {2FF03B2E-47BA-4482-952C-CE2EF5BA696A}
	EndGlobalSection
EndGlobal
