
Microsoft Visual Studio Solution File, Format Version 12.00
# Visual Studio Version 17
VisualStudioVersion = 17.11.35222.181
MinimumVisualStudioVersion = 10.0.40219.1
Project("{FAE04EC0-301F-11D3-BF4B-00C04F79EFBC}") = "number_ending_7", "number_ending_7\number_ending_7.csproj", "{72E04B1E-DD29-4F3A-9394-7DE79B404776}"
EndProject
Project("{FAE04EC0-301F-11D3-BF4B-00C04F79EFBC}") = "half_sum_element", "half_sum_element\half_sum_element.csproj", "{C942C446-4224-4B78-ACBD-01B46B32CD4A}"
EndProject
Project("{FAE04EC0-301F-11D3-BF4B-00C04F79EFBC}") = "Hystrogram", "Hystrogram\Hystrogram.csproj", "{4B5EB91E-1C3F-4D20-878E-BFAF40DA7E49}"
EndProject
Project("{FAE04EC0-301F-11D3-BF4B-00C04F79EFBC}") = "clever_lily", "clever_lily\clever_lily.csproj", "{A783C6DC-BAA7-4241-9ABA-9F8D9696BBB8}"
EndProject
Project("{FAE04EC0-301F-11D3-BF4B-00C04F79EFBC}") = "salary", "salary\salary.csproj", "{E275C7B4-F90E-4726-BCBD-0D28E02CC4EE}"
EndProject
Global
	GlobalSection(SolutionConfigurationPlatforms) = preSolution
		Debug|Any CPU = Debug|Any CPU
		Release|Any CPU = Release|Any CPU
	EndGlobalSection
	GlobalSection(ProjectConfigurationPlatforms) = postSolution
		{72E04B1E-DD29-4F3A-9394-7DE79B404776}.Debug|Any CPU.ActiveCfg = Debug|Any CPU
		{72E04B1E-DD29-4F3A-9394-7DE79B404776}.Debug|Any CPU.Build.0 = Debug|Any CPU
		{72E04B1E-DD29-4F3A-9394-7DE79B404776}.Release|Any CPU.ActiveCfg = Release|Any CPU
		{72E04B1E-DD29-4F3A-9394-7DE79B404776}.Release|Any CPU.Build.0 = Release|Any CPU
		{C942C446-4224-4B78-ACBD-01B46B32CD4A}.Debug|Any CPU.ActiveCfg = Debug|Any CPU
		{C942C446-4224-4B78-ACBD-01B46B32CD4A}.Debug|Any CPU.Build.0 = Debug|Any CPU
		{C942C446-4224-4B78-ACBD-01B46B32CD4A}.Release|Any CPU.ActiveCfg = Release|Any CPU
		{C942C446-4224-4B78-ACBD-01B46B32CD4A}.Release|Any CPU.Build.0 = Release|Any CPU
		{4B5EB91E-1C3F-4D20-878E-BFAF40DA7E49}.Debug|Any CPU.ActiveCfg = Debug|Any CPU
		{4B5EB91E-1C3F-4D20-878E-BFAF40DA7E49}.Debug|Any CPU.Build.0 = Debug|Any CPU
		{4B5EB91E-1C3F-4D20-878E-BFAF40DA7E49}.Release|Any CPU.ActiveCfg = Release|Any CPU
		{4B5EB91E-1C3F-4D20-878E-BFAF40DA7E49}.Release|Any CPU.Build.0 = Release|Any CPU
		{A783C6DC-BAA7-4241-9ABA-9F8D9696BBB8}.Debug|Any CPU.ActiveCfg = Debug|Any CPU
		{A783C6DC-BAA7-4241-9ABA-9F8D9696BBB8}.Debug|Any CPU.Build.0 = Debug|Any CPU
		{A783C6DC-BAA7-4241-9ABA-9F8D9696BBB8}.Release|Any CPU.ActiveCfg = Release|Any CPU
		{A783C6DC-BAA7-4241-9ABA-9F8D9696BBB8}.Release|Any CPU.Build.0 = Release|Any CPU
		{E275C7B4-F90E-4726-BCBD-0D28E02CC4EE}.Debug|Any CPU.ActiveCfg = Debug|Any CPU
		{E275C7B4-F90E-4726-BCBD-0D28E02CC4EE}.Debug|Any CPU.Build.0 = Debug|Any CPU
		{E275C7B4-F90E-4726-BCBD-0D28E02CC4EE}.Release|Any CPU.ActiveCfg = Release|Any CPU
		{E275C7B4-F90E-4726-BCBD-0D28E02CC4EE}.Release|Any CPU.Build.0 = Release|Any CPU
	EndGlobalSection
	GlobalSection(SolutionProperties) = preSolution
		HideSolutionNode = FALSE
	EndGlobalSection
	GlobalSection(ExtensibilityGlobals) = postSolution
		SolutionGuid = {85431737-EB30-4E92-88F6-16F69392C9E3}
	EndGlobalSection
EndGlobal
