
Microsoft Visual Studio Solution File, Format Version 12.00
# Visual Studio Version 17
VisualStudioVersion = 17.11.35222.181
MinimumVisualStudioVersion = 10.0.40219.1
Project("{FAE04EC0-301F-11D3-BF4B-00C04F79EFBC}") = "back_to_the_future", "back_to_the_future\back_to_the_future.csproj", "{35F0645D-EA0B-46D9-B57C-B6A893086519}"
EndProject
Project("{FAE04EC0-301F-11D3-BF4B-00C04F79EFBC}") = "Hospital", "Hospital\Hospital.csproj", "{67A86F30-1276-479F-AD7F-01F8C19668C8}"
EndProject
Project("{FAE04EC0-301F-11D3-BF4B-00C04F79EFBC}") = "Logistics", "Logistics\Logistics.csproj", "{073838A5-3F6D-4358-87D6-86D6D7110D96}"
EndProject
Global
	GlobalSection(SolutionConfigurationPlatforms) = preSolution
		Debug|Any CPU = Debug|Any CPU
		Release|Any CPU = Release|Any CPU
	EndGlobalSection
	GlobalSection(ProjectConfigurationPlatforms) = postSolution
		{35F0645D-EA0B-46D9-B57C-B6A893086519}.Debug|Any CPU.ActiveCfg = Debug|Any CPU
		{35F0645D-EA0B-46D9-B57C-B6A893086519}.Debug|Any CPU.Build.0 = Debug|Any CPU
		{35F0645D-EA0B-46D9-B57C-B6A893086519}.Release|Any CPU.ActiveCfg = Release|Any CPU
		{35F0645D-EA0B-46D9-B57C-B6A893086519}.Release|Any CPU.Build.0 = Release|Any CPU
		{67A86F30-1276-479F-AD7F-01F8C19668C8}.Debug|Any CPU.ActiveCfg = Debug|Any CPU
		{67A86F30-1276-479F-AD7F-01F8C19668C8}.Debug|Any CPU.Build.0 = Debug|Any CPU
		{67A86F30-1276-479F-AD7F-01F8C19668C8}.Release|Any CPU.ActiveCfg = Release|Any CPU
		{67A86F30-1276-479F-AD7F-01F8C19668C8}.Release|Any CPU.Build.0 = Release|Any CPU
		{073838A5-3F6D-4358-87D6-86D6D7110D96}.Debug|Any CPU.ActiveCfg = Debug|Any CPU
		{073838A5-3F6D-4358-87D6-86D6D7110D96}.Debug|Any CPU.Build.0 = Debug|Any CPU
		{073838A5-3F6D-4358-87D6-86D6D7110D96}.Release|Any CPU.ActiveCfg = Release|Any CPU
		{073838A5-3F6D-4358-87D6-86D6D7110D96}.Release|Any CPU.Build.0 = Release|Any CPU
	EndGlobalSection
	GlobalSection(SolutionProperties) = preSolution
		HideSolutionNode = FALSE
	EndGlobalSection
	GlobalSection(ExtensibilityGlobals) = postSolution
		SolutionGuid = {0DC9F41F-2F7D-4723-B0EF-D9E724E7C459}
	EndGlobalSection
EndGlobal
